lockfileVersion: 5.4

specifiers:
  csv: ^6.2.5
  csv-parse: ^5.3.3
  csv-stringify: ^6.2.3

dependencies:
  csv: 6.2.5
  csv-parse: 5.3.3
  csv-stringify: 6.2.3

packages:

  /csv-generate/4.2.1:
    resolution: {integrity: sha512-w6GFHjvApv6bcJ2xdi9JGsH6ZvUBfC+vUdfefnEzurXG6hMRwzkBLnhztU2H7v7+zfCk1I/knnQ+tGbgpxWrBw==}
    dev: false

  /csv-parse/5.3.3:
    resolution: {integrity: sha512-kEWkAPleNEdhFNkHQpFHu9RYPogsFj3dx6bCxL847fsiLgidzWg0z/O0B1kVWMJUc5ky64zGp18LX2T3DQrOfw==}
    dev: false

  /csv-stringify/6.2.3:
    resolution: {integrity: sha512-4qGjUMwnlaRc00gc2jrIYh2w/h1fo25B0mTuY9K8fBiIgtmCX3LcgUbrEGViL98Ci4Se/F5LFEtu8k+dItJVZQ==}
    dev: false

  /csv/6.2.5:
    resolution: {integrity: sha512-T+K0H7MIrlrnP6KxYKo3lK+uLl6OC2Gmwdd81TG/VdkhKvpatl35sR7tyRSpDLGl22y2T+q9KvNHnVtn4OAscQ==}
    engines: {node: '>= 0.1.90'}
    dependencies:
      csv-generate: 4.2.1
      csv-parse: 5.3.3
      csv-stringify: 6.2.3
      stream-transform: 3.2.1
    dev: false

  /stream-transform/3.2.1:
    resolution: {integrity: sha512-ApK+WTJ5bCOf0A2tlec1qhvr8bGEBM/sgXXB7mysdCYgZJO5DZeaV3h3G+g0HnAQ372P5IhiGqnW29zoLOfTzQ==}
    dev: false
